
Microsoft Visual Studio Solution File, Format Version 12.00
# Visual Studio Version 16
VisualStudioVersion = 16.0.32002.261
MinimumVisualStudioVersion = 10.0.40219.1
Project("{FAE04EC0-301F-11D3-BF4B-00C04F79EFBC}") = "MapsApi", "MapsApi\MapsApi.csproj", "{A8203889-FD76-48EA-9BBA-3EFEB92F5E4E}"
EndProject
Project("{FAE04EC0-301F-11D3-BF4B-00C04F79EFBC}") = "GoogleApplication", "GoogleApplication\GoogleApplication.csproj", "{81E81BD6-8820-4C8D-B2DB-B777371C4D67}"
EndProject
Global
	GlobalSection(SolutionConfigurationPlatforms) = preSolution
		Debug|Any CPU = Debug|Any CPU
		Release|Any CPU = Release|Any CPU
	EndGlobalSection
	GlobalSection(ProjectConfigurationPlatforms) = postSolution
		{A8203889-FD76-48EA-9BBA-3EFEB92F5E4E}.Debug|Any CPU.ActiveCfg = Debug|Any CPU
		{A8203889-FD76-48EA-9BBA-3EFEB92F5E4E}.Debug|Any CPU.Build.0 = Debug|Any CPU
		{A8203889-FD76-48EA-9BBA-3EFEB92F5E4E}.Release|Any CPU.ActiveCfg = Release|Any CPU
		{A8203889-FD76-48EA-9BBA-3EFEB92F5E4E}.Release|Any CPU.Build.0 = Release|Any CPU
		{81E81BD6-8820-4C8D-B2DB-B777371C4D67}.Debug|Any CPU.ActiveCfg = Debug|Any CPU
		{81E81BD6-8820-4C8D-B2DB-B777371C4D67}.Debug|Any CPU.Build.0 = Debug|Any CPU
		{81E81BD6-8820-4C8D-B2DB-B777371C4D67}.Release|Any CPU.ActiveCfg = Release|Any CPU
		{81E81BD6-8820-4C8D-B2DB-B777371C4D67}.Release|Any CPU.Build.0 = Release|Any CPU
	EndGlobalSection
	GlobalSection(SolutionProperties) = preSolution
		HideSolutionNode = FALSE
	EndGlobalSection
	GlobalSection(ExtensibilityGlobals) = postSolution
		SolutionGuid = {465E3B71-39A1-49F9-A7B6-B9BD082A51E3}
	EndGlobalSection
EndGlobal
